
Microsoft Visual Studio Solution File, Format Version 12.00
# Visual Studio Version 17
VisualStudioVersion = 17.7.34221.43
MinimumVisualStudioVersion = 10.0.40219.1
Project("{FAE04EC0-301F-11D3-BF4B-00C04F79EFBC}") = "DarpinosPizza", "DarpinosPizza\DarpinosPizza.csproj", "{7694D90A-6BDA-49FC-968F-C116DA06BF36}"
EndProject
Global
	GlobalSection(SolutionConfigurationPlatforms) = preSolution
		Debug|Any CPU = Debug|Any CPU
		Release|Any CPU = Release|Any CPU
	EndGlobalSection
	GlobalSection(ProjectConfigurationPlatforms) = postSolution
		{7694D90A-6BDA-49FC-968F-C116DA06BF36}.Debug|Any CPU.ActiveCfg = Debug|Any CPU
		{7694D90A-6BDA-49FC-968F-C116DA06BF36}.Debug|Any CPU.Build.0 = Debug|Any CPU
		{7694D90A-6BDA-49FC-968F-C116DA06BF36}.Release|Any CPU.ActiveCfg = Release|Any CPU
		{7694D90A-6BDA-49FC-968F-C116DA06BF36}.Release|Any CPU.Build.0 = Release|Any CPU
	EndGlobalSection
	GlobalSection(SolutionProperties) = preSolution
		HideSolutionNode = FALSE
	EndGlobalSection
	GlobalSection(ExtensibilityGlobals) = postSolution
		SolutionGuid = {3B6FB2D5-41C4-4B84-A75C-5A4364E63FB8}
	EndGlobalSection
EndGlobal
